
Microsoft Visual Studio Solution File, Format Version 12.00
# Visual Studio Version 16
VisualStudioVersion = 16.0.31019.35
MinimumVisualStudioVersion = 10.0.40219.1
Project("{9A19103F-16F7-4668-BE54-9A1E7A4F7556}") = "Entity", "Entity\Entity.csproj", "{1A6EE059-7291-48F8-8BFE-1F63A701C03D}"
EndProject
Project("{9A19103F-16F7-4668-BE54-9A1E7A4F7556}") = "ConsoleApp1", "ConsoleApp1\ConsoleApp1.csproj", "{3F8B7CE4-631A-4F85-8CDF-62A59917A81D}"
EndProject
Project("{FAE04EC0-301F-11D3-BF4B-00C04F79EFBC}") = "UserFormUI", "UserFormUI\UserFormUI.csproj", "{6885C4A7-409D-422D-A761-BE8E8457EF76}"
EndProject
Project("{9A19103F-16F7-4668-BE54-9A1E7A4F7556}") = "Core", "Core\Core.csproj", "{768529A3-4D2A-4B19-889B-359CD3A249BC}"
EndProject
Project("{9A19103F-16F7-4668-BE54-9A1E7A4F7556}") = "DataAcces", "DataAcces\DataAcces.csproj", "{84AF6E4A-4F92-4D78-94C0-D3EA8CD06573}"
EndProject
Project("{FAE04EC0-301F-11D3-BF4B-00C04F79EFBC}") = "Business", "Business\Business.csproj", "{48CEBAAF-E396-46FC-86AC-7A99C7B5B44B}"
EndProject
Global
	GlobalSection(SolutionConfigurationPlatforms) = preSolution
		Debug|Any CPU = Debug|Any CPU
		Release|Any CPU = Release|Any CPU
	EndGlobalSection
	GlobalSection(ProjectConfigurationPlatforms) = postSolution
		{1A6EE059-7291-48F8-8BFE-1F63A701C03D}.Debug|Any CPU.ActiveCfg = Debug|Any CPU
		{1A6EE059-7291-48F8-8BFE-1F63A701C03D}.Debug|Any CPU.Build.0 = Debug|Any CPU
		{1A6EE059-7291-48F8-8BFE-1F63A701C03D}.Release|Any CPU.ActiveCfg = Release|Any CPU
		{1A6EE059-7291-48F8-8BFE-1F63A701C03D}.Release|Any CPU.Build.0 = Release|Any CPU
		{3F8B7CE4-631A-4F85-8CDF-62A59917A81D}.Debug|Any CPU.ActiveCfg = Debug|Any CPU
		{3F8B7CE4-631A-4F85-8CDF-62A59917A81D}.Debug|Any CPU.Build.0 = Debug|Any CPU
		{3F8B7CE4-631A-4F85-8CDF-62A59917A81D}.Release|Any CPU.ActiveCfg = Release|Any CPU
		{3F8B7CE4-631A-4F85-8CDF-62A59917A81D}.Release|Any CPU.Build.0 = Release|Any CPU
		{6885C4A7-409D-422D-A761-BE8E8457EF76}.Debug|Any CPU.ActiveCfg = Debug|Any CPU
		{6885C4A7-409D-422D-A761-BE8E8457EF76}.Debug|Any CPU.Build.0 = Debug|Any CPU
		{6885C4A7-409D-422D-A761-BE8E8457EF76}.Release|Any CPU.ActiveCfg = Release|Any CPU
		{6885C4A7-409D-422D-A761-BE8E8457EF76}.Release|Any CPU.Build.0 = Release|Any CPU
		{768529A3-4D2A-4B19-889B-359CD3A249BC}.Debug|Any CPU.ActiveCfg = Debug|Any CPU
		{768529A3-4D2A-4B19-889B-359CD3A249BC}.Debug|Any CPU.Build.0 = Debug|Any CPU
		{768529A3-4D2A-4B19-889B-359CD3A249BC}.Release|Any CPU.ActiveCfg = Release|Any CPU
		{768529A3-4D2A-4B19-889B-359CD3A249BC}.Release|Any CPU.Build.0 = Release|Any CPU
		{84AF6E4A-4F92-4D78-94C0-D3EA8CD06573}.Debug|Any CPU.ActiveCfg = Debug|Any CPU
		{84AF6E4A-4F92-4D78-94C0-D3EA8CD06573}.Debug|Any CPU.Build.0 = Debug|Any CPU
		{84AF6E4A-4F92-4D78-94C0-D3EA8CD06573}.Release|Any CPU.ActiveCfg = Release|Any CPU
		{84AF6E4A-4F92-4D78-94C0-D3EA8CD06573}.Release|Any CPU.Build.0 = Release|Any CPU
		{48CEBAAF-E396-46FC-86AC-7A99C7B5B44B}.Debug|Any CPU.ActiveCfg = Debug|Any CPU
		{48CEBAAF-E396-46FC-86AC-7A99C7B5B44B}.Debug|Any CPU.Build.0 = Debug|Any CPU
		{48CEBAAF-E396-46FC-86AC-7A99C7B5B44B}.Release|Any CPU.ActiveCfg = Release|Any CPU
		{48CEBAAF-E396-46FC-86AC-7A99C7B5B44B}.Release|Any CPU.Build.0 = Release|Any CPU
	EndGlobalSection
	GlobalSection(SolutionProperties) = preSolution
		HideSolutionNode = FALSE
	EndGlobalSection
	GlobalSection(ExtensibilityGlobals) = postSolution
		SolutionGuid = {9E808667-932A-4ABC-89BD-FBDB26BEBF17}
	EndGlobalSection
EndGlobal
